// !$*UTF8*$!
{
	archiveVersion = 1;
	classes = {
	};
	objectVersion = 46;
	objects = {

/* Begin PBXBuildFile section */
		3FF1C4B51E414D350021C964 /* AppDelegate.swift in Sources */ = {isa = PBXBuildFile; fileRef = 3FF1C4B41E414D350021C964 /* AppDelegate.swift */; };
		3FF1C4B71E414D350021C964 /* ViewController.swift in Sources */ = {isa = PBXBuildFile; fileRef = 3FF1C4B61E414D350021C964 /* ViewController.swift */; };
		3FF1C4BA1E414D350021C964 /* Main.storyboard in Resources */ = {isa = PBXBuildFile; fileRef = 3FF1C4B81E414D350021C964 /* Main.storyboard */; };
		3FF1C4BC1E414D360021C964 /* Assets.xcassets in Resources */ = {isa = PBXBuildFile; fileRef = 3FF1C4BB1E414D360021C964 /* Assets.xcassets */; };
		3FF1C4BF1E414D360021C964 /* LaunchScreen.storyboard in Resources */ = {isa = PBXBuildFile; fileRef = 3FF1C4BD1E414D360021C964 /* LaunchScreen.storyboard */; };
		3FF1C4CA1E414D360021C964 /* POTDTests.swift in Sources */ = {isa = PBXBuildFile; fileRef = 3FF1C4C91E414D360021C964 /* POTDTests.swift */; };
		3FF1C4D51E414D360021C964 /* POTDUITests.swift in Sources */ = {isa = PBXBuildFile; fileRef = 3FF1C4D41E414D360021C964 /* POTDUITests.swift */; };
/* End PBXBuildFile section */

/* Begin PBXContainerItemProxy section */
		3FF1C4C61E414D360021C964 /* PBXContainerItemProxy */ = {
			isa = PBXContainerItemProxy;
			containerPortal = 3FF1C4A91E414D350021C964 /* Project object */;
			proxyType = 1;
			remoteGlobalIDString = 3FF1C4B01E414D350021C964;
			remoteInfo = POTD;
		};
		3FF1C4D11E414D360021C964 /* PBXContainerItemProxy */ = {
			isa = PBXContainerItemProxy;
			containerPortal = 3FF1C4A91E414D350021C964 /* Project object */;
			proxyType = 1;
			remoteGlobalIDString = 3FF1C4B01E414D350021C964;
			remoteInfo = POTD;
		};
/* End PBXContainerItemProxy section */

/* Begin PBXFileReference section */
		3FF1C4B11E414D350021C964 /* POTD.app */ = {isa = PBXFileReference; explicitFileType = wrapper.application; includeInIndex = 0; path = POTD.app; sourceTree = BUILT_PRODUCTS_DIR; };
		3FF1C4B41E414D350021C964 /* AppDelegate.swift */ = {isa = PBXFileReference; lastKnownFileType = sourcecode.swift; path = AppDelegate.swift; sourceTree = "<group>"; };
		3FF1C4B61E414D350021C964 /* ViewController.swift */ = {isa = PBXFileReference; lastKnownFileType = sourcecode.swift; path = ViewController.swift; sourceTree = "<group>"; };
		3FF1C4B91E414D350021C964 /* Base */ = {isa = PBXFileReference; lastKnownFileType = file.storyboard; name = Base; path = Base.lproj/Main.storyboard; sourceTree = "<group>"; };
		3FF1C4BB1E414D360021C964 /* Assets.xcassets */ = {isa = PBXFileReference; lastKnownFileType = folder.assetcatalog; path = Assets.xcassets; sourceTree = "<group>"; };
		3FF1C4BE1E414D360021C964 /* Base */ = {isa = PBXFileReference; lastKnownFileType = file.storyboard; name = Base; path = Base.lproj/LaunchScreen.storyboard; sourceTree = "<group>"; };
		3FF1C4C01E414D360021C964 /* Info.plist */ = {isa = PBXFileReference; lastKnownFileType = text.plist.xml; path = Info.plist; sourceTree = "<group>"; };
		3FF1C4C51E414D360021C964 /* POTDTests.xctest */ = {isa = PBXFileReference; explicitFileType = wrapper.cfbundle; includeInIndex = 0; path = POTDTests.xctest; sourceTree = BUILT_PRODUCTS_DIR; };
		3FF1C4C91E414D360021C964 /* POTDTests.swift */ = {isa = PBXFileReference; lastKnownFileType = sourcecode.swift; path = POTDTests.swift; sourceTree = "<group>"; };
		3FF1C4CB1E414D360021C964 /* Info.plist */ = {isa = PBXFileReference; lastKnownFileType = text.plist.xml; path = Info.plist; sourceTree = "<group>"; };
		3FF1C4D01E414D360021C964 /* POTDUITests.xctest */ = {isa = PBXFileReference; explicitFileType = wrapper.cfbundle; includeInIndex = 0; path = POTDUITests.xctest; sourceTree = BUILT_PRODUCTS_DIR; };
		3FF1C4D41E414D360021C964 /* POTDUITests.swift */ = {isa = PBXFileReference; lastKnownFileType = sourcecode.swift; path = POTDUITests.swift; sourceTree = "<group>"; };
		3FF1C4D61E414D360021C964 /* Info.plist */ = {isa = PBXFileReference; lastKnownFileType = text.plist.xml; path = Info.plist; sourceTree = "<group>"; };
/* End PBXFileReference section */

/* Begin PBXFrameworksBuildPhase section */
		3FF1C4AE1E414D350021C964 /* Frameworks */ = {
			isa = PBXFrameworksBuildPhase;
			buildActionMask = 2147483647;
			files = (
			);
			runOnlyForDeploymentPostprocessing = 0;
		};
		3FF1C4C21E414D360021C964 /* Frameworks */ = {
			isa = PBXFrameworksBuildPhase;
			buildActionMask = 2147483647;
			files = (
			);
			runOnlyForDeploymentPostprocessing = 0;
		};
		3FF1C4CD1E414D360021C964 /* Frameworks */ = {
			isa = PBXFrameworksBuildPhase;
			buildActionMask = 2147483647;
			files = (
			);
			runOnlyForDeploymentPostprocessing = 0;
		};
/* End PBXFrameworksBuildPhase section */

/* Begin PBXGroup section */
		3FF1C4A81E414D350021C964 = {
			isa = PBXGroup;
			children = (
				3FF1C4B31E414D350021C964 /* POTD */,
				3FF1C4C81E414D360021C964 /* POTDTests */,
				3FF1C4D31E414D360021C964 /* POTDUITests */,
				3FF1C4B21E414D350021C964 /* Products */,
			);
			sourceTree = "<group>";
		};
		3FF1C4B21E414D350021C964 /* Products */ = {
			isa = PBXGroup;
			children = (
				3FF1C4B11E414D350021C964 /* POTD.app */,
				3FF1C4C51E414D360021C964 /* POTDTests.xctest */,
				3FF1C4D01E414D360021C964 /* POTDUITests.xctest */,
			);
			name = Products;
			sourceTree = "<group>";
		};
		3FF1C4B31E414D350021C964 /* POTD */ = {
			isa = PBXGroup;
			children = (
				3FF1C4B41E414D350021C964 /* AppDelegate.swift */,
				3FF1C4B61E414D350021C964 /* ViewController.swift */,
				3FF1C4B81E414D350021C964 /* Main.storyboard */,
				3FF1C4BB1E414D360021C964 /* Assets.xcassets */,
				3FF1C4BD1E414D360021C964 /* LaunchScreen.storyboard */,
				3FF1C4C01E414D360021C964 /* Info.plist */,
			);
			path = POTD;
			sourceTree = "<group>";
		};
		3FF1C4C81E414D360021C964 /* POTDTests */ = {
			isa = PBXGroup;
			children = (
				3FF1C4C91E414D360021C964 /* POTDTests.swift */,
				3FF1C4CB1E414D360021C964 /* Info.plist */,
			);
			path = POTDTests;
			sourceTree = "<group>";
		};
		3FF1C4D31E414D360021C964 /* POTDUITests */ = {
			isa = PBXGroup;
			children = (
				3FF1C4D41E414D360021C964 /* POTDUITests.swift */,
				3FF1C4D61E414D360021C964 /* Info.plist */,
			);
			path = POTDUITests;
			sourceTree = "<group>";
		};
/* End PBXGroup section */

/* Begin PBXNativeTarget section */
		3FF1C4B01E414D350021C964 /* POTD */ = {
			isa = PBXNativeTarget;
			buildConfigurationList = 3FF1C4D91E414D360021C964 /* Build configuration list for PBXNativeTarget "POTD" */;
			buildPhases = (
				3FF1C4AD1E414D350021C964 /* Sources */,
				3FF1C4AE1E414D350021C964 /* Frameworks */,
				3FF1C4AF1E414D350021C964 /* Resources */,
			);
			buildRules = (
			);
			dependencies = (
			);
			name = POTD;
			productName = POTD;
			productReference = 3FF1C4B11E414D350021C964 /* POTD.app */;
			productType = "com.apple.product-type.application";
		};
		3FF1C4C41E414D360021C964 /* POTDTests */ = {
			isa = PBXNativeTarget;
			buildConfigurationList = 3FF1C4DC1E414D360021C964 /* Build configuration list for PBXNativeTarget "POTDTests" */;
			buildPhases = (
				3FF1C4C11E414D360021C964 /* Sources */,
				3FF1C4C21E414D360021C964 /* Frameworks */,
				3FF1C4C31E414D360021C964 /* Resources */,
			);
			buildRules = (
			);
			dependencies = (
				3FF1C4C71E414D360021C964 /* PBXTargetDependency */,
			);
			name = POTDTests;
			productName = POTDTests;
			productReference = 3FF1C4C51E414D360021C964 /* POTDTests.xctest */;
			productType = "com.apple.product-type.bundle.unit-test";
		};
		3FF1C4CF1E414D360021C964 /* POTDUITests */ = {
			isa = PBXNativeTarget;
			buildConfigurationList = 3FF1C4DF1E414D360021C964 /* Build configuration list for PBXNativeTarget "POTDUITests" */;
			buildPhases = (
				3FF1C4CC1E414D360021C964 /* Sources */,
				3FF1C4CD1E414D360021C964 /* Frameworks */,
				3FF1C4CE1E414D360021C964 /* Resources */,
			);
			buildRules = (
			);
			dependencies = (
				3FF1C4D21E414D360021C964 /* PBXTargetDependency */,
			);
			name = POTDUITests;
			productName = POTDUITests;
			productReference = 3FF1C4D01E414D360021C964 /* POTDUITests.xctest */;
			productType = "com.apple.product-type.bundle.ui-testing";
		};
/* End PBXNativeTarget section */

/* Begin PBXProject section */
		3FF1C4A91E414D350021C964 /* Project object */ = {
			isa = PBXProject;
			attributes = {
				LastSwiftUpdateCheck = 0800;
				LastUpgradeCheck = 0800;
				ORGANIZATIONNAME = JeremyConley;
				TargetAttributes = {
					3FF1C4B01E414D350021C964 = {
						CreatedOnToolsVersion = 8.0;
						DevelopmentTeam = HUY3R5UMB2;
						ProvisioningStyle = Automatic;
					};
					3FF1C4C41E414D360021C964 = {
						CreatedOnToolsVersion = 8.0;
						DevelopmentTeam = HUY3R5UMB2;
						ProvisioningStyle = Automatic;
						TestTargetID = 3FF1C4B01E414D350021C964;
					};
					3FF1C4CF1E414D360021C964 = {
						CreatedOnToolsVersion = 8.0;
						DevelopmentTeam = HUY3R5UMB2;
						ProvisioningStyle = Automatic;
						TestTargetID = 3FF1C4B01E414D350021C964;
					};
				};
			};
			buildConfigurationList = 3FF1C4AC1E414D350021C964 /* Build configuration list for PBXProject "POTD" */;
			compatibilityVersion = "Xcode 3.2";
			developmentRegion = English;
			hasScannedForEncodings = 0;
			knownRegions = (
				en,
				Base,
			);
			mainGroup = 3FF1C4A81E414D350021C964;
			productRefGroup = 3FF1C4B21E414D350021C964 /* Products */;
			projectDirPath = "";
			projectRoot = "";
			targets = (
				3FF1C4B01E414D350021C964 /* POTD */,
				3FF1C4C41E414D360021C964 /* POTDTests */,
				3FF1C4CF1E414D360021C964 /* POTDUITests */,
			);
		};
/* End PBXProject section */

/* Begin PBXResourcesBuildPhase section */
		3FF1C4AF1E414D350021C964 /* Resources */ = {
			isa = PBXResourcesBuildPhase;
			buildActionMask = 2147483647;
			files = (
				3FF1C4BF1E414D360021C964 /* LaunchScreen.storyboard in Resources */,
				3FF1C4BC1E414D360021C964 /* Assets.xcassets in Resources */,
				3FF1C4BA1E414D350021C964 /* Main.storyboard in Resources */,
			);
			runOnlyForDeploymentPostprocessing = 0;
		};
		3FF1C4C31E414D360021C964 /* Resources */ = {
			isa = PBXResourcesBuildPhase;
			buildActionMask = 2147483647;
			files = (
			);
			runOnlyForDeploymentPostprocessing = 0;
		};
		3FF1C4CE1E414D360021C964 /* Resources */ = {
			isa = PBXResourcesBuildPhase;
			buildActionMask = 2147483647;
			files = (
			);
			runOnlyForDeploymentPostprocessing = 0;
		};
/* End PBXResourcesBuildPhase section */

/* Begin PBXSourcesBuildPhase section */
		3FF1C4AD1E414D350021C964 /* Sources */ = {
			isa = PBXSourcesBuildPhase;
			buildActionMask = 2147483647;
			files = (
				3FF1C4B71E414D350021C964 /* ViewController.swift in Sources */,
				3FF1C4B51E414D350021C964 /* AppDelegate.swift in Sources */,
			);
			runOnlyForDeploymentPostprocessing = 0;
		};
		3FF1C4C11E414D360021C964 /* Sources */ = {
			isa = PBXSourcesBuildPhase;
			buildActionMask = 2147483647;
			files = (
				3FF1C4CA1E414D360021C964 /* POTDTests.swift in Sources */,
			);
			runOnlyForDeploymentPostprocessing = 0;
		};
		3FF1C4CC1E414D360021C964 /* Sources */ = {
			isa = PBXSourcesBuildPhase;
			buildActionMask = 2147483647;
			files = (
				3FF1C4D51E414D360021C964 /* POTDUITests.swift in Sources */,
			);
			runOnlyForDeploymentPostprocessing = 0;
		};
/* End PBXSourcesBuildPhase section */

/* Begin PBXTargetDependency section */
		3FF1C4C71E414D360021C964 /* PBXTargetDependency */ = {
			isa = PBXTargetDependency;
			target = 3FF1C4B01E414D350021C964 /* POTD */;
			targetProxy = 3FF1C4C61E414D360021C964 /* PBXContainerItemProxy */;
		};
		3FF1C4D21E414D360021C964 /* PBXTargetDependency */ = {
			isa = PBXTargetDependency;
			target = 3FF1C4B01E414D350021C964 /* POTD */;
			targetProxy = 3FF1C4D11E414D360021C964 /* PBXContainerItemProxy */;
		};
/* End PBXTargetDependency section */

/* Begin PBXVariantGroup section */
		3FF1C4B81E414D350021C964 /* Main.storyboard */ = {
			isa = PBXVariantGroup;
			children = (
				3FF1C4B91E414D350021C964 /* Base */,
			);
			name = Main.storyboard;
			sourceTree = "<group>";
		};
		3FF1C4BD1E414D360021C964 /* LaunchScreen.storyboard */ = {
			isa = PBXVariantGroup;
			children = (
				3FF1C4BE1E414D360021C964 /* Base */,
			);
			name = LaunchScreen.storyboard;
			sourceTree = "<group>";
		};
/* End PBXVariantGroup section */

/* Begin XCBuildConfiguration section */
		3FF1C4D71E414D360021C964 /* Debug */ = {
			isa = XCBuildConfiguration;
			buildSettings = {
				ALWAYS_SEARCH_USER_PATHS = NO;
				CLANG_ANALYZER_NONNULL = YES;
				CLANG_CXX_LANGUAGE_STANDARD = "gnu++0x";
				CLANG_CXX_LIBRARY = "libc++";
				CLANG_ENABLE_MODULES = YES;
				CLANG_ENABLE_OBJC_ARC = YES;
				CLANG_WARN_BOOL_CONVERSION = YES;
				CLANG_WARN_CONSTANT_CONVERSION = YES;
				CLANG_WARN_DIRECT_OBJC_ISA_USAGE = YES_ERROR;
				CLANG_WARN_DOCUMENTATION_COMMENTS = YES;
				CLANG_WARN_EMPTY_BODY = YES;
				CLANG_WARN_ENUM_CONVERSION = YES;
				CLANG_WARN_INFINITE_RECURSION = YES;
				CLANG_WARN_INT_CONVERSION = YES;
				CLANG_WARN_OBJC_ROOT_CLASS = YES_ERROR;
				CLANG_WARN_SUSPICIOUS_MOVES = YES;
				CLANG_WARN_UNREACHABLE_CODE = YES;
				CLANG_WARN__DUPLICATE_METHOD_MATCH = YES;
				"CODE_SIGN_IDENTITY[sdk=iphoneos*]" = "iPhone Developer";
				COPY_PHASE_STRIP = NO;
				DEBUG_INFORMATION_FORMAT = dwarf;
				ENABLE_STRICT_OBJC_MSGSEND = YES;
				ENABLE_TESTABILITY = YES;
				GCC_C_LANGUAGE_STANDARD = gnu99;
				GCC_DYNAMIC_NO_PIC = NO;
				GCC_NO_COMMON_BLOCKS = YES;
				GCC_OPTIMIZATION_LEVEL = 0;
				GCC_PREPROCESSOR_DEFINITIONS = (
					"DEBUG=1",
					"$(inherited)",
				);
				GCC_WARN_64_TO_32_BIT_CONVERSION = YES;
				GCC_WARN_ABOUT_RETURN_TYPE = YES_ERROR;
				GCC_WARN_UNDECLARED_SELECTOR = YES;
				GCC_WARN_UNINITIALIZED_AUTOS = YES_AGGRESSIVE;
				GCC_WARN_UNUSED_FUNCTION = YES;
				GCC_WARN_UNUSED_VARIABLE = YES;
				IPHONEOS_DEPLOYMENT_TARGET = 10.0;
				MTL_ENABLE_DEBUG_INFO = YES;
				ONLY_ACTIVE_ARCH = YES;
				SDKROOT = iphoneos;
				SWIFT_ACTIVE_COMPILATION_CONDITIONS = DEBUG;
				SWIFT_OPTIMIZATION_LEVEL = "-Onone";
			};
			name = Debug;
		};
		3FF1C4D81E414D360021C964 /* Release */ = {
			isa = XCBuildConfiguration;
			buildSettings = {
				ALWAYS_SEARCH_USER_PATHS = NO;
				CLANG_ANALYZER_NONNULL = YES;
				CLANG_CXX_LANGUAGE_STANDARD = "gnu++0x";
				CLANG_CXX_LIBRARY = "libc++";
				CLANG_ENABLE_MODULES = YES;
				CLANG_ENABLE_OBJC_ARC = YES;
				CLANG_WARN_BOOL_CONVERSION = YES;
				CLANG_WARN_CONSTANT_CONVERSION = YES;
				CLANG_WARN_DIRECT_OBJC_ISA_USAGE = YES_ERROR;
				CLANG_WARN_DOCUMENTATION_COMMENTS = YES;
				CLANG_WARN_EMPTY_BODY = YES;
				CLANG_WARN_ENUM_CONVERSION = YES;
				CLANG_WARN_INFINITE_RECURSION = YES;
				CLANG_WARN_INT_CONVERSION = YES;
				CLANG_WARN_OBJC_ROOT_CLASS = YES_ERROR;
				CLANG_WARN_SUSPICIOUS_MOVES = YES;
				CLANG_WARN_UNREACHABLE_CODE = YES;
				CLANG_WARN__DUPLICATE_METHOD_MATCH = YES;
				"CODE_SIGN_IDENTITY[sdk=iphoneos*]" = "iPhone Developer";
				COPY_PHASE_STRIP = NO;
				DEBUG_INFORMATION_FORMAT = "dwarf-with-dsym";
				ENABLE_NS_ASSERTIONS = NO;
				ENABLE_STRICT_OBJC_MSGSEND = YES;
				GCC_C_LANGUAGE_STANDARD = gnu99;
				GCC_NO_COMMON_BLOCKS = YES;
				GCC_WARN_64_TO_32_BIT_CONVERSION = YES;
				GCC_WARN_ABOUT_RETURN_TYPE = YES_ERROR;
				GCC_WARN_UNDECLARED_SELECTOR = YES;
				GCC_WARN_UNINITIALIZED_AUTOS = YES_AGGRESSIVE;
				GCC_WARN_UNUSED_FUNCTION = YES;
				GCC_WARN_UNUSED_VARIABLE = YES;
				IPHONEOS_DEPLOYMENT_TARGET = 10.0;
				MTL_ENABLE_DEBUG_INFO = NO;
				SDKROOT = iphoneos;
				SWIFT_OPTIMIZATION_LEVEL = "-Owholemodule";
				VALIDATE_PRODUCT = YES;
			};
			name = Release;
		};
		3FF1C4DA1E414D360021C964 /* Debug */ = {
			isa = XCBuildConfiguration;
			buildSettings = {
				ASSETCATALOG_COMPILER_APPICON_NAME = AppIcon;
				DEVELOPMENT_TEAM = HUY3R5UMB2;
				INFOPLIST_FILE = POTD/Info.plist;
				LD_RUNPATH_SEARCH_PATHS = "$(inherited) @executable_path/Frameworks";
				PRODUCT_BUNDLE_IDENTIFIER = JeremyConley.POTD;
				PRODUCT_NAME = "$(TARGET_NAME)";
				SWIFT_VERSION = 3.0;
			};
			name = Debug;
		};
		3FF1C4DB1E414D360021C964 /* Release */ = {
			isa = XCBuildConfiguration;
			buildSettings = {
				ASSETCATALOG_COMPILER_APPICON_NAME = AppIcon;
				DEVELOPMENT_TEAM = HUY3R5UMB2;
				INFOPLIST_FILE = POTD/Info.plist;
				LD_RUNPATH_SEARCH_PATHS = "$(inherited) @executable_path/Frameworks";
				PRODUCT_BUNDLE_IDENTIFIER = JeremyConley.POTD;
				PRODUCT_NAME = "$(TARGET_NAME)";
				SWIFT_VERSION = 3.0;
			};
			name = Release;
		};
		3FF1C4DD1E414D360021C964 /* Debug */ = {
			isa = XCBuildConfiguration;
			buildSettings = {
				ALWAYS_EMBED_SWIFT_STANDARD_LIBRARIES = YES;
				BUNDLE_LOADER = "$(TEST_HOST)";
				DEVELOPMENT_TEAM = HUY3R5UMB2;
				INFOPLIST_FILE = POTDTests/Info.plist;
				LD_RUNPATH_SEARCH_PATHS = "$(inherited) @executable_path/Frameworks @loader_path/Frameworks";
				PRODUCT_BUNDLE_IDENTIFIER = JeremyConley.POTDTests;
				PRODUCT_NAME = "$(TARGET_NAME)";
				SWIFT_VERSION = 3.0;
				TEST_HOST = "$(BUILT_PRODUCTS_DIR)/POTD.app/POTD";
			};
			name = Debug;
		};
		3FF1C4DE1E414D360021C964 /* Release */ = {
			isa = XCBuildConfiguration;
			buildSettings = {
				ALWAYS_EMBED_SWIFT_STANDARD_LIBRARIES = YES;
				BUNDLE_LOADER = "$(TEST_HOST)";
				DEVELOPMENT_TEAM = HUY3R5UMB2;
				INFOPLIST_FILE = POTDTests/Info.plist;
				LD_RUNPATH_SEARCH_PATHS = "$(inherited) @executable_path/Frameworks @loader_path/Frameworks";
				PRODUCT_BUNDLE_IDENTIFIER = JeremyConley.POTDTests;
				PRODUCT_NAME = "$(TARGET_NAME)";
				SWIFT_VERSION = 3.0;
				TEST_HOST = "$(BUILT_PRODUCTS_DIR)/POTD.app/POTD";
			};
			name = Release;
		};
		3FF1C4E01E414D360021C964 /* Debug */ = {
			isa = XCBuildConfiguration;
			buildSettings = {
				ALWAYS_EMBED_SWIFT_STANDARD_LIBRARIES = YES;
				DEVELOPMENT_TEAM = HUY3R5UMB2;
				INFOPLIST_FILE = POTDUITests/Info.plist;
				LD_RUNPATH_SEARCH_PATHS = "$(inherited) @executable_path/Frameworks @loader_path/Frameworks";
				PRODUCT_BUNDLE_IDENTIFIER = JeremyConley.POTDUITests;
				PRODUCT_NAME = "$(TARGET_NAME)";
				SWIFT_VERSION = 3.0;
				TEST_TARGET_NAME = POTD;
			};
			name = Debug;
		};
		3FF1C4E11E414D360021C964 /* Release */ = {
			isa = XCBuildConfiguration;
			buildSettings = {
				ALWAYS_EMBED_SWIFT_STANDARD_LIBRARIES = YES;
				DEVELOPMENT_TEAM = HUY3R5UMB2;
				INFOPLIST_FILE = POTDUITests/Info.plist;
				LD_RUNPATH_SEARCH_PATHS = "$(inherited) @executable_path/Frameworks @loader_path/Frameworks";
				PRODUCT_BUNDLE_IDENTIFIER = JeremyConley.POTDUITests;
				PRODUCT_NAME = "$(TARGET_NAME)";
				SWIFT_VERSION = 3.0;
				TEST_TARGET_NAME = POTD;
			};
			name = Release;
		};
/* End XCBuildConfiguration section */

/* Begin XCConfigurationList section */
		3FF1C4AC1E414D350021C964 /* Build configuration list for PBXProject "POTD" */ = {
			isa = XCConfigurationList;
			buildConfigurations = (
				3FF1C4D71E414D360021C964 /* Debug */,
				3FF1C4D81E414D360021C964 /* Release */,
			);
			defaultConfigurationIsVisible = 0;
			defaultConfigurationName = Release;
		};
		3FF1C4D91E414D360021C964 /* Build configuration list for PBXNativeTarget "POTD" */ = {
			isa = XCConfigurationList;
			buildConfigurations = (
				3FF1C4DA1E414D360021C964 /* Debug */,
				3FF1C4DB1E414D360021C964 /* Release */,
			);
			defaultConfigurationIsVisible = 0;
		};
		3FF1C4DC1E414D360021C964 /* Build configuration list for PBXNativeTarget "POTDTests" */ = {
			isa = XCConfigurationList;
			buildConfigurations = (
				3FF1C4DD1E414D360021C964 /* Debug */,
				3FF1C4DE1E414D360021C964 /* Release */,
			);
			defaultConfigurationIsVisible = 0;
		};
		3FF1C4DF1E414D360021C964 /* Build configuration list for PBXNativeTarget "POTDUITests" */ = {
			isa = XCConfigurationList;
			buildConfigurations = (
				3FF1C4E01E414D360021C964 /* Debug */,
				3FF1C4E11E414D360021C964 /* Release */,
			);
			defaultConfigurationIsVisible = 0;
		};
/* End XCConfigurationList section */
	};
	rootObject = 3FF1C4A91E414D350021C964 /* Project object */;
}
